
Microsoft Visual Studio Solution File, Format Version 12.00
# Visual Studio Version 17
VisualStudioVersion = 17.1.32319.34
MinimumVisualStudioVersion = 10.0.40219.1
Project("{FAE04EC0-301F-11D3-BF4B-00C04F79EFBC}") = "CSharpStudentRachelOwen", "CSharpStudent\CSharpStudentRachelOwen.csproj", "{3D812896-081B-49CC-8230-B5B493F236A9}"
EndProject
Project("{9A19103F-16F7-4668-BE54-9A1E7A4F7556}") = "Week1-Variables", "Week1-Variables\Week1-Variables.csproj", "{CB6C0A53-99A3-4851-AEC6-6092F3E7C34F}"
EndProject
Project("{9A19103F-16F7-4668-BE54-9A1E7A4F7556}") = "HelloWorld", "HelloWorld\HelloWorld.csproj", "{A5AD1AE0-4D95-490D-9FAA-849F844D038D}"
EndProject
Project("{9A19103F-16F7-4668-BE54-9A1E7A4F7556}") = "DemoVariables", "DemoVariables\DemoVariables.csproj", "{1795A7B1-267A-4F8A-9D69-C017C3921DFA}"
EndProject
Project("{9A19103F-16F7-4668-BE54-9A1E7A4F7556}") = "DemoVariables2", "DemoVariables2\DemoVariables2.csproj", "{7DE39F46-E728-470C-8F84-623E5FDB3E7E}"
EndProject
Project("{9A19103F-16F7-4668-BE54-9A1E7A4F7556}") = "DemoVariables3", "DemoVariables3\DemoVariables3.csproj", "{5BD1B991-4A84-48C8-858A-7016E0545483}"
EndProject
Project("{9A19103F-16F7-4668-BE54-9A1E7A4F7556}") = "DemoEscapeSequences", "DemoEscapeSequences\DemoEscapeSequences.csproj", "{02D895D2-AE67-407F-B9A0-F60B8F4D6E33}"
EndProject
Project("{9A19103F-16F7-4668-BE54-9A1E7A4F7556}") = "InteractiveAddition", "InteractiveAddition\InteractiveAddition.csproj", "{320FA483-DF19-4912-8642-5F1E5709D662}"
EndProject
Project("{9A19103F-16F7-4668-BE54-9A1E7A4F7556}") = "Week2Variables", "Week2Variables\Week2Variables.csproj", "{982E1D52-1BC3-457D-A46D-CE5A00DEF8FD}"
EndProject
Project("{9A19103F-16F7-4668-BE54-9A1E7A4F7556}") = "CompareThreeNumbers", "CompareThreeNumbers\CompareThreeNumbers.csproj", "{785893FF-CBC7-42D4-B1E8-058C2C0E978E}"
EndProject
Project("{9A19103F-16F7-4668-BE54-9A1E7A4F7556}") = "DemoORAndAND", "DemoORAndAND\DemoORAndAND.csproj", "{93BAA23D-1307-4310-ADC5-AFA5EC459B97}"
EndProject
Project("{9A19103F-16F7-4668-BE54-9A1E7A4F7556}") = "DailySpecial", "DailySpecial\DailySpecial.csproj", "{1C43B88D-50FE-4299-BB3B-AB0379E693F6}"
EndProject
Project("{9A19103F-16F7-4668-BE54-9A1E7A4F7556}") = "Week3Project", "Week3Project\Week3Project.csproj", "{A71F9D1B-854A-448B-BC7B-94FD66312F82}"
EndProject
Project("{9A19103F-16F7-4668-BE54-9A1E7A4F7556}") = "ValidID", "ValidID\ValidID.csproj", "{386DE386-B978-4C3F-AAAD-43C02C81C4C9}"
EndProject
Project("{9A19103F-16F7-4668-BE54-9A1E7A4F7556}") = "TippingTable", "TippingTable\TippingTable.csproj", "{F2B5BE54-32CF-487E-8BF7-4B2DCDF1A803}"
EndProject
Project("{9A19103F-16F7-4668-BE54-9A1E7A4F7556}") = "Week4Project", "Week4Project\Week4Project.csproj", "{8E8621C0-11C1-4A40-8D8E-1D57704028E2}"
EndProject
Project("{9A19103F-16F7-4668-BE54-9A1E7A4F7556}") = "DemoLogo", "DemoLogo\DemoLogo.csproj", "{4E385BBF-4A9C-44CD-9A51-C9B358447572}"
EndProject
Project("{9A19103F-16F7-4668-BE54-9A1E7A4F7556}") = "PhoneCall", "PhoneCall\PhoneCall.csproj", "{1DDF8042-7334-4EBE-BF3F-D9EEF927944F}"
EndProject
Project("{9A19103F-16F7-4668-BE54-9A1E7A4F7556}") = "Methods Assignment", "Methods Assignment\Methods Assignment.csproj", "{0B651AF2-D109-46D5-8BE7-BF0B2A31823A}"
EndProject
Project("{9A19103F-16F7-4668-BE54-9A1E7A4F7556}") = "SwapProgram", "SwapProgram\SwapProgram.csproj", "{3A31FC9B-FFA5-45A9-9C70-7A6E01EC7B99}"
EndProject
Project("{9A19103F-16F7-4668-BE54-9A1E7A4F7556}") = "OverloadedTriples", "OverloadedTriples\OverloadedTriples.csproj", "{A7E1DDD0-D99B-46B4-A785-CB243198EB84}"
EndProject
Project("{FAE04EC0-301F-11D3-BF4B-00C04F79EFBC}") = "ArrayDemo1", "ArrayDemo1\ArrayDemo1.csproj", "{B4A4538C-97E5-4EFA-A46A-3383F40C489B}"
EndProject
Project("{FAE04EC0-301F-11D3-BF4B-00C04F79EFBC}") = "ArrayDemo2", "ArrayDemo2\ArrayDemo2.csproj", "{4FBA424B-E3CB-4F79-BDC8-2BC28C548454}"
EndProject
Project("{FAE04EC0-301F-11D3-BF4B-00C04F79EFBC}") = "Week8ArrayAssignment", "Week8ArrayAssignment\Week8ArrayAssignment.csproj", "{2F5A91B2-B747-479A-95B9-72A068CBC5FA}"
EndProject
Global
	GlobalSection(SolutionConfigurationPlatforms) = preSolution
		Debug|Any CPU = Debug|Any CPU
		Release|Any CPU = Release|Any CPU
	EndGlobalSection
	GlobalSection(ProjectConfigurationPlatforms) = postSolution
		{3D812896-081B-49CC-8230-B5B493F236A9}.Debug|Any CPU.ActiveCfg = Debug|Any CPU
		{3D812896-081B-49CC-8230-B5B493F236A9}.Debug|Any CPU.Build.0 = Debug|Any CPU
		{3D812896-081B-49CC-8230-B5B493F236A9}.Release|Any CPU.ActiveCfg = Release|Any CPU
		{3D812896-081B-49CC-8230-B5B493F236A9}.Release|Any CPU.Build.0 = Release|Any CPU
		{CB6C0A53-99A3-4851-AEC6-6092F3E7C34F}.Debug|Any CPU.ActiveCfg = Debug|Any CPU
		{CB6C0A53-99A3-4851-AEC6-6092F3E7C34F}.Debug|Any CPU.Build.0 = Debug|Any CPU
		{CB6C0A53-99A3-4851-AEC6-6092F3E7C34F}.Release|Any CPU.ActiveCfg = Release|Any CPU
		{CB6C0A53-99A3-4851-AEC6-6092F3E7C34F}.Release|Any CPU.Build.0 = Release|Any CPU
		{A5AD1AE0-4D95-490D-9FAA-849F844D038D}.Debug|Any CPU.ActiveCfg = Debug|Any CPU
		{A5AD1AE0-4D95-490D-9FAA-849F844D038D}.Debug|Any CPU.Build.0 = Debug|Any CPU
		{A5AD1AE0-4D95-490D-9FAA-849F844D038D}.Release|Any CPU.ActiveCfg = Release|Any CPU
		{A5AD1AE0-4D95-490D-9FAA-849F844D038D}.Release|Any CPU.Build.0 = Release|Any CPU
		{1795A7B1-267A-4F8A-9D69-C017C3921DFA}.Debug|Any CPU.ActiveCfg = Debug|Any CPU
		{1795A7B1-267A-4F8A-9D69-C017C3921DFA}.Debug|Any CPU.Build.0 = Debug|Any CPU
		{1795A7B1-267A-4F8A-9D69-C017C3921DFA}.Release|Any CPU.ActiveCfg = Release|Any CPU
		{1795A7B1-267A-4F8A-9D69-C017C3921DFA}.Release|Any CPU.Build.0 = Release|Any CPU
		{7DE39F46-E728-470C-8F84-623E5FDB3E7E}.Debug|Any CPU.ActiveCfg = Debug|Any CPU
		{7DE39F46-E728-470C-8F84-623E5FDB3E7E}.Debug|Any CPU.Build.0 = Debug|Any CPU
		{7DE39F46-E728-470C-8F84-623E5FDB3E7E}.Release|Any CPU.ActiveCfg = Release|Any CPU
		{7DE39F46-E728-470C-8F84-623E5FDB3E7E}.Release|Any CPU.Build.0 = Release|Any CPU
		{5BD1B991-4A84-48C8-858A-7016E0545483}.Debug|Any CPU.ActiveCfg = Debug|Any CPU
		{5BD1B991-4A84-48C8-858A-7016E0545483}.Debug|Any CPU.Build.0 = Debug|Any CPU
		{5BD1B991-4A84-48C8-858A-7016E0545483}.Release|Any CPU.ActiveCfg = Release|Any CPU
		{5BD1B991-4A84-48C8-858A-7016E0545483}.Release|Any CPU.Build.0 = Release|Any CPU
		{02D895D2-AE67-407F-B9A0-F60B8F4D6E33}.Debug|Any CPU.ActiveCfg = Debug|Any CPU
		{02D895D2-AE67-407F-B9A0-F60B8F4D6E33}.Debug|Any CPU.Build.0 = Debug|Any CPU
		{02D895D2-AE67-407F-B9A0-F60B8F4D6E33}.Release|Any CPU.ActiveCfg = Release|Any CPU
		{02D895D2-AE67-407F-B9A0-F60B8F4D6E33}.Release|Any CPU.Build.0 = Release|Any CPU
		{320FA483-DF19-4912-8642-5F1E5709D662}.Debug|Any CPU.ActiveCfg = Debug|Any CPU
		{320FA483-DF19-4912-8642-5F1E5709D662}.Debug|Any CPU.Build.0 = Debug|Any CPU
		{320FA483-DF19-4912-8642-5F1E5709D662}.Release|Any CPU.ActiveCfg = Release|Any CPU
		{320FA483-DF19-4912-8642-5F1E5709D662}.Release|Any CPU.Build.0 = Release|Any CPU
		{982E1D52-1BC3-457D-A46D-CE5A00DEF8FD}.Debug|Any CPU.ActiveCfg = Debug|Any CPU
		{982E1D52-1BC3-457D-A46D-CE5A00DEF8FD}.Debug|Any CPU.Build.0 = Debug|Any CPU
		{982E1D52-1BC3-457D-A46D-CE5A00DEF8FD}.Release|Any CPU.ActiveCfg = Release|Any CPU
		{982E1D52-1BC3-457D-A46D-CE5A00DEF8FD}.Release|Any CPU.Build.0 = Release|Any CPU
		{785893FF-CBC7-42D4-B1E8-058C2C0E978E}.Debug|Any CPU.ActiveCfg = Debug|Any CPU
		{785893FF-CBC7-42D4-B1E8-058C2C0E978E}.Debug|Any CPU.Build.0 = Debug|Any CPU
		{785893FF-CBC7-42D4-B1E8-058C2C0E978E}.Release|Any CPU.ActiveCfg = Release|Any CPU
		{785893FF-CBC7-42D4-B1E8-058C2C0E978E}.Release|Any CPU.Build.0 = Release|Any CPU
		{93BAA23D-1307-4310-ADC5-AFA5EC459B97}.Debug|Any CPU.ActiveCfg = Debug|Any CPU
		{93BAA23D-1307-4310-ADC5-AFA5EC459B97}.Debug|Any CPU.Build.0 = Debug|Any CPU
		{93BAA23D-1307-4310-ADC5-AFA5EC459B97}.Release|Any CPU.ActiveCfg = Release|Any CPU
		{93BAA23D-1307-4310-ADC5-AFA5EC459B97}.Release|Any CPU.Build.0 = Release|Any CPU
		{1C43B88D-50FE-4299-BB3B-AB0379E693F6}.Debug|Any CPU.ActiveCfg = Debug|Any CPU
		{1C43B88D-50FE-4299-BB3B-AB0379E693F6}.Debug|Any CPU.Build.0 = Debug|Any CPU
		{1C43B88D-50FE-4299-BB3B-AB0379E693F6}.Release|Any CPU.ActiveCfg = Release|Any CPU
		{1C43B88D-50FE-4299-BB3B-AB0379E693F6}.Release|Any CPU.Build.0 = Release|Any CPU
		{A71F9D1B-854A-448B-BC7B-94FD66312F82}.Debug|Any CPU.ActiveCfg = Debug|Any CPU
		{A71F9D1B-854A-448B-BC7B-94FD66312F82}.Debug|Any CPU.Build.0 = Debug|Any CPU
		{A71F9D1B-854A-448B-BC7B-94FD66312F82}.Release|Any CPU.ActiveCfg = Release|Any CPU
		{A71F9D1B-854A-448B-BC7B-94FD66312F82}.Release|Any CPU.Build.0 = Release|Any CPU
		{386DE386-B978-4C3F-AAAD-43C02C81C4C9}.Debug|Any CPU.ActiveCfg = Debug|Any CPU
		{386DE386-B978-4C3F-AAAD-43C02C81C4C9}.Debug|Any CPU.Build.0 = Debug|Any CPU
		{386DE386-B978-4C3F-AAAD-43C02C81C4C9}.Release|Any CPU.ActiveCfg = Release|Any CPU
		{386DE386-B978-4C3F-AAAD-43C02C81C4C9}.Release|Any CPU.Build.0 = Release|Any CPU
		{F2B5BE54-32CF-487E-8BF7-4B2DCDF1A803}.Debug|Any CPU.ActiveCfg = Debug|Any CPU
		{F2B5BE54-32CF-487E-8BF7-4B2DCDF1A803}.Debug|Any CPU.Build.0 = Debug|Any CPU
		{F2B5BE54-32CF-487E-8BF7-4B2DCDF1A803}.Release|Any CPU.ActiveCfg = Release|Any CPU
		{F2B5BE54-32CF-487E-8BF7-4B2DCDF1A803}.Release|Any CPU.Build.0 = Release|Any CPU
		{8E8621C0-11C1-4A40-8D8E-1D57704028E2}.Debug|Any CPU.ActiveCfg = Debug|Any CPU
		{8E8621C0-11C1-4A40-8D8E-1D57704028E2}.Debug|Any CPU.Build.0 = Debug|Any CPU
		{8E8621C0-11C1-4A40-8D8E-1D57704028E2}.Release|Any CPU.ActiveCfg = Release|Any CPU
		{8E8621C0-11C1-4A40-8D8E-1D57704028E2}.Release|Any CPU.Build.0 = Release|Any CPU
		{4E385BBF-4A9C-44CD-9A51-C9B358447572}.Debug|Any CPU.ActiveCfg = Debug|Any CPU
		{4E385BBF-4A9C-44CD-9A51-C9B358447572}.Debug|Any CPU.Build.0 = Debug|Any CPU
		{4E385BBF-4A9C-44CD-9A51-C9B358447572}.Release|Any CPU.ActiveCfg = Release|Any CPU
		{4E385BBF-4A9C-44CD-9A51-C9B358447572}.Release|Any CPU.Build.0 = Release|Any CPU
		{1DDF8042-7334-4EBE-BF3F-D9EEF927944F}.Debug|Any CPU.ActiveCfg = Debug|Any CPU
		{1DDF8042-7334-4EBE-BF3F-D9EEF927944F}.Debug|Any CPU.Build.0 = Debug|Any CPU
		{1DDF8042-7334-4EBE-BF3F-D9EEF927944F}.Release|Any CPU.ActiveCfg = Release|Any CPU
		{1DDF8042-7334-4EBE-BF3F-D9EEF927944F}.Release|Any CPU.Build.0 = Release|Any CPU
		{0B651AF2-D109-46D5-8BE7-BF0B2A31823A}.Debug|Any CPU.ActiveCfg = Debug|Any CPU
		{0B651AF2-D109-46D5-8BE7-BF0B2A31823A}.Debug|Any CPU.Build.0 = Debug|Any CPU
		{0B651AF2-D109-46D5-8BE7-BF0B2A31823A}.Release|Any CPU.ActiveCfg = Release|Any CPU
		{0B651AF2-D109-46D5-8BE7-BF0B2A31823A}.Release|Any CPU.Build.0 = Release|Any CPU
		{3A31FC9B-FFA5-45A9-9C70-7A6E01EC7B99}.Debug|Any CPU.ActiveCfg = Debug|Any CPU
		{3A31FC9B-FFA5-45A9-9C70-7A6E01EC7B99}.Debug|Any CPU.Build.0 = Debug|Any CPU
		{3A31FC9B-FFA5-45A9-9C70-7A6E01EC7B99}.Release|Any CPU.ActiveCfg = Release|Any CPU
		{3A31FC9B-FFA5-45A9-9C70-7A6E01EC7B99}.Release|Any CPU.Build.0 = Release|Any CPU
		{A7E1DDD0-D99B-46B4-A785-CB243198EB84}.Debug|Any CPU.ActiveCfg = Debug|Any CPU
		{A7E1DDD0-D99B-46B4-A785-CB243198EB84}.Debug|Any CPU.Build.0 = Debug|Any CPU
		{A7E1DDD0-D99B-46B4-A785-CB243198EB84}.Release|Any CPU.ActiveCfg = Release|Any CPU
		{A7E1DDD0-D99B-46B4-A785-CB243198EB84}.Release|Any CPU.Build.0 = Release|Any CPU
		{B4A4538C-97E5-4EFA-A46A-3383F40C489B}.Debug|Any CPU.ActiveCfg = Debug|Any CPU
		{B4A4538C-97E5-4EFA-A46A-3383F40C489B}.Debug|Any CPU.Build.0 = Debug|Any CPU
		{B4A4538C-97E5-4EFA-A46A-3383F40C489B}.Release|Any CPU.ActiveCfg = Release|Any CPU
		{B4A4538C-97E5-4EFA-A46A-3383F40C489B}.Release|Any CPU.Build.0 = Release|Any CPU
		{4FBA424B-E3CB-4F79-BDC8-2BC28C548454}.Debug|Any CPU.ActiveCfg = Debug|Any CPU
		{4FBA424B-E3CB-4F79-BDC8-2BC28C548454}.Debug|Any CPU.Build.0 = Debug|Any CPU
		{4FBA424B-E3CB-4F79-BDC8-2BC28C548454}.Release|Any CPU.ActiveCfg = Release|Any CPU
		{4FBA424B-E3CB-4F79-BDC8-2BC28C548454}.Release|Any CPU.Build.0 = Release|Any CPU
		{2F5A91B2-B747-479A-95B9-72A068CBC5FA}.Debug|Any CPU.ActiveCfg = Debug|Any CPU
		{2F5A91B2-B747-479A-95B9-72A068CBC5FA}.Debug|Any CPU.Build.0 = Debug|Any CPU
		{2F5A91B2-B747-479A-95B9-72A068CBC5FA}.Release|Any CPU.ActiveCfg = Release|Any CPU
		{2F5A91B2-B747-479A-95B9-72A068CBC5FA}.Release|Any CPU.Build.0 = Release|Any CPU
	EndGlobalSection
	GlobalSection(SolutionProperties) = preSolution
		HideSolutionNode = FALSE
	EndGlobalSection
	GlobalSection(ExtensibilityGlobals) = postSolution
		SolutionGuid = {426789F3-AC24-4385-84AC-B35CFABEAA98}
	EndGlobalSection
EndGlobal
