
Microsoft Visual Studio Solution File, Format Version 12.00
# Visual Studio Version 17
VisualStudioVersion = 17.1.32319.34
MinimumVisualStudioVersion = 10.0.40219.1
Project("{FAE04EC0-301F-11D3-BF4B-00C04F79EFBC}") = "CSharpStudentRachelOwen", "CSharpStudent\CSharpStudentRachelOwen.csproj", "{3D812896-081B-49CC-8230-B5B493F236A9}"
EndProject
Project("{9A19103F-16F7-4668-BE54-9A1E7A4F7556}") = "Week1-Variables", "Week1-Variables\Week1-Variables.csproj", "{CB6C0A53-99A3-4851-AEC6-6092F3E7C34F}"
EndProject
Project("{9A19103F-16F7-4668-BE54-9A1E7A4F7556}") = "HelloWorld", "HelloWorld\HelloWorld.csproj", "{A5AD1AE0-4D95-490D-9FAA-849F844D038D}"
EndProject
Project("{9A19103F-16F7-4668-BE54-9A1E7A4F7556}") = "DemoVariables", "DemoVariables\DemoVariables.csproj", "{1795A7B1-267A-4F8A-9D69-C017C3921DFA}"
EndProject
Project("{9A19103F-16F7-4668-BE54-9A1E7A4F7556}") = "DemoVariables2", "DemoVariables2\DemoVariables2.csproj", "{7DE39F46-E728-470C-8F84-623E5FDB3E7E}"
EndProject
Project("{9A19103F-16F7-4668-BE54-9A1E7A4F7556}") = "DemoVariables3", "DemoVariables3\DemoVariables3.csproj", "{5BD1B991-4A84-48C8-858A-7016E0545483}"
EndProject
Project("{9A19103F-16F7-4668-BE54-9A1E7A4F7556}") = "DemoEscapeSequences", "DemoEscapeSequences\DemoEscapeSequences.csproj", "{02D895D2-AE67-407F-B9A0-F60B8F4D6E33}"
EndProject
Project("{9A19103F-16F7-4668-BE54-9A1E7A4F7556}") = "InteractiveAddition", "InteractiveAddition\InteractiveAddition.csproj", "{320FA483-DF19-4912-8642-5F1E5709D662}"
EndProject
Project("{9A19103F-16F7-4668-BE54-9A1E7A4F7556}") = "Week2Variables", "Week2Variables\Week2Variables.csproj", "{982E1D52-1BC3-457D-A46D-CE5A00DEF8FD}"
EndProject
Project("{FAE04EC0-301F-11D3-BF4B-00C04F79EFBC}") = "CompareThreeNumbers", "CompareThreeNumbers\CompareThreeNumbers.csproj", "{785893FF-CBC7-42D4-B1E8-058C2C0E978E}"
EndProject
Project("{FAE04EC0-301F-11D3-BF4B-00C04F79EFBC}") = "DemoORAndAND", "DemoORAndAND\DemoORAndAND.csproj", "{93BAA23D-1307-4310-ADC5-AFA5EC459B97}"
EndProject
Project("{FAE04EC0-301F-11D3-BF4B-00C04F79EFBC}") = "DailySpecial", "DailySpecial\DailySpecial.csproj", "{1C43B88D-50FE-4299-BB3B-AB0379E693F6}"
EndProject
Global
	GlobalSection(SolutionConfigurationPlatforms) = preSolution
		Debug|Any CPU = Debug|Any CPU
		Release|Any CPU = Release|Any CPU
	EndGlobalSection
	GlobalSection(ProjectConfigurationPlatforms) = postSolution
		{3D812896-081B-49CC-8230-B5B493F236A9}.Debug|Any CPU.ActiveCfg = Debug|Any CPU
		{3D812896-081B-49CC-8230-B5B493F236A9}.Debug|Any CPU.Build.0 = Debug|Any CPU
		{3D812896-081B-49CC-8230-B5B493F236A9}.Release|Any CPU.ActiveCfg = Release|Any CPU
		{3D812896-081B-49CC-8230-B5B493F236A9}.Release|Any CPU.Build.0 = Release|Any CPU
		{CB6C0A53-99A3-4851-AEC6-6092F3E7C34F}.Debug|Any CPU.ActiveCfg = Debug|Any CPU
		{CB6C0A53-99A3-4851-AEC6-6092F3E7C34F}.Debug|Any CPU.Build.0 = Debug|Any CPU
		{CB6C0A53-99A3-4851-AEC6-6092F3E7C34F}.Release|Any CPU.ActiveCfg = Release|Any CPU
		{CB6C0A53-99A3-4851-AEC6-6092F3E7C34F}.Release|Any CPU.Build.0 = Release|Any CPU
		{A5AD1AE0-4D95-490D-9FAA-849F844D038D}.Debug|Any CPU.ActiveCfg = Debug|Any CPU
		{A5AD1AE0-4D95-490D-9FAA-849F844D038D}.Debug|Any CPU.Build.0 = Debug|Any CPU
		{A5AD1AE0-4D95-490D-9FAA-849F844D038D}.Release|Any CPU.ActiveCfg = Release|Any CPU
		{A5AD1AE0-4D95-490D-9FAA-849F844D038D}.Release|Any CPU.Build.0 = Release|Any CPU
		{1795A7B1-267A-4F8A-9D69-C017C3921DFA}.Debug|Any CPU.ActiveCfg = Debug|Any CPU
		{1795A7B1-267A-4F8A-9D69-C017C3921DFA}.Debug|Any CPU.Build.0 = Debug|Any CPU
		{1795A7B1-267A-4F8A-9D69-C017C3921DFA}.Release|Any CPU.ActiveCfg = Release|Any CPU
		{1795A7B1-267A-4F8A-9D69-C017C3921DFA}.Release|Any CPU.Build.0 = Release|Any CPU
		{7DE39F46-E728-470C-8F84-623E5FDB3E7E}.Debug|Any CPU.ActiveCfg = Debug|Any CPU
		{7DE39F46-E728-470C-8F84-623E5FDB3E7E}.Debug|Any CPU.Build.0 = Debug|Any CPU
		{7DE39F46-E728-470C-8F84-623E5FDB3E7E}.Release|Any CPU.ActiveCfg = Release|Any CPU
		{7DE39F46-E728-470C-8F84-623E5FDB3E7E}.Release|Any CPU.Build.0 = Release|Any CPU
		{5BD1B991-4A84-48C8-858A-7016E0545483}.Debug|Any CPU.ActiveCfg = Debug|Any CPU
		{5BD1B991-4A84-48C8-858A-7016E0545483}.Debug|Any CPU.Build.0 = Debug|Any CPU
		{5BD1B991-4A84-48C8-858A-7016E0545483}.Release|Any CPU.ActiveCfg = Release|Any CPU
		{5BD1B991-4A84-48C8-858A-7016E0545483}.Release|Any CPU.Build.0 = Release|Any CPU
		{02D895D2-AE67-407F-B9A0-F60B8F4D6E33}.Debug|Any CPU.ActiveCfg = Debug|Any CPU
		{02D895D2-AE67-407F-B9A0-F60B8F4D6E33}.Debug|Any CPU.Build.0 = Debug|Any CPU
		{02D895D2-AE67-407F-B9A0-F60B8F4D6E33}.Release|Any CPU.ActiveCfg = Release|Any CPU
		{02D895D2-AE67-407F-B9A0-F60B8F4D6E33}.Release|Any CPU.Build.0 = Release|Any CPU
		{320FA483-DF19-4912-8642-5F1E5709D662}.Debug|Any CPU.ActiveCfg = Debug|Any CPU
		{320FA483-DF19-4912-8642-5F1E5709D662}.Debug|Any CPU.Build.0 = Debug|Any CPU
		{320FA483-DF19-4912-8642-5F1E5709D662}.Release|Any CPU.ActiveCfg = Release|Any CPU
		{320FA483-DF19-4912-8642-5F1E5709D662}.Release|Any CPU.Build.0 = Release|Any CPU
		{982E1D52-1BC3-457D-A46D-CE5A00DEF8FD}.Debug|Any CPU.ActiveCfg = Debug|Any CPU
		{982E1D52-1BC3-457D-A46D-CE5A00DEF8FD}.Debug|Any CPU.Build.0 = Debug|Any CPU
		{982E1D52-1BC3-457D-A46D-CE5A00DEF8FD}.Release|Any CPU.ActiveCfg = Release|Any CPU
		{982E1D52-1BC3-457D-A46D-CE5A00DEF8FD}.Release|Any CPU.Build.0 = Release|Any CPU
		{785893FF-CBC7-42D4-B1E8-058C2C0E978E}.Debug|Any CPU.ActiveCfg = Debug|Any CPU
		{785893FF-CBC7-42D4-B1E8-058C2C0E978E}.Debug|Any CPU.Build.0 = Debug|Any CPU
		{785893FF-CBC7-42D4-B1E8-058C2C0E978E}.Release|Any CPU.ActiveCfg = Release|Any CPU
		{785893FF-CBC7-42D4-B1E8-058C2C0E978E}.Release|Any CPU.Build.0 = Release|Any CPU
		{93BAA23D-1307-4310-ADC5-AFA5EC459B97}.Debug|Any CPU.ActiveCfg = Debug|Any CPU
		{93BAA23D-1307-4310-ADC5-AFA5EC459B97}.Debug|Any CPU.Build.0 = Debug|Any CPU
		{93BAA23D-1307-4310-ADC5-AFA5EC459B97}.Release|Any CPU.ActiveCfg = Release|Any CPU
		{93BAA23D-1307-4310-ADC5-AFA5EC459B97}.Release|Any CPU.Build.0 = Release|Any CPU
		{1C43B88D-50FE-4299-BB3B-AB0379E693F6}.Debug|Any CPU.ActiveCfg = Debug|Any CPU
		{1C43B88D-50FE-4299-BB3B-AB0379E693F6}.Debug|Any CPU.Build.0 = Debug|Any CPU
		{1C43B88D-50FE-4299-BB3B-AB0379E693F6}.Release|Any CPU.ActiveCfg = Release|Any CPU
		{1C43B88D-50FE-4299-BB3B-AB0379E693F6}.Release|Any CPU.Build.0 = Release|Any CPU
	EndGlobalSection
	GlobalSection(SolutionProperties) = preSolution
		HideSolutionNode = FALSE
	EndGlobalSection
	GlobalSection(ExtensibilityGlobals) = postSolution
		SolutionGuid = {426789F3-AC24-4385-84AC-B35CFABEAA98}
	EndGlobalSection
EndGlobal
